
Microsoft Visual Studio Solution File, Format Version 12.00
# Visual Studio Version 16
VisualStudioVersion = 16.0.29806.167
MinimumVisualStudioVersion = 10.0.40219.1
Project("{9A19103F-16F7-4668-BE54-9A1E7A4F7556}") = "WebService", "WebService\WebService.csproj", "{94D7313F-586D-42D7-9F74-9AFB5FFDE03E}"
EndProject
Project("{9A19103F-16F7-4668-BE54-9A1E7A4F7556}") = "WebserviceTests", "WebserviceTests\WebserviceTests.csproj", "{64FF3A10-0BC7-42A1-BAB9-39450AD8101C}"
EndProject
Project("{9A19103F-16F7-4668-BE54-9A1E7A4F7556}") = "ClientApp", "ClientApp\ClientApp.csproj", "{130047AB-A996-486F-8A78-F4D7EB01DC73}"
EndProject
Project("{9A19103F-16F7-4668-BE54-9A1E7A4F7556}") = "WorkerApp", "WorkerApp\WorkerApp.csproj", "{36E0390B-EEE0-4E07-A1AA-F69841AB9475}"
EndProject
Project("{FAE04EC0-301F-11D3-BF4B-00C04F79EFBC}") = "Core", "Core\Core.csproj", "{5E4B34DD-C08C-48D2-BA44-A09875CAEE19}"
EndProject
Global
	GlobalSection(SolutionConfigurationPlatforms) = preSolution
		Debug|Any CPU = Debug|Any CPU
		Release|Any CPU = Release|Any CPU
	EndGlobalSection
	GlobalSection(ProjectConfigurationPlatforms) = postSolution
		{94D7313F-586D-42D7-9F74-9AFB5FFDE03E}.Debug|Any CPU.ActiveCfg = Debug|Any CPU
		{94D7313F-586D-42D7-9F74-9AFB5FFDE03E}.Debug|Any CPU.Build.0 = Debug|Any CPU
		{94D7313F-586D-42D7-9F74-9AFB5FFDE03E}.Release|Any CPU.ActiveCfg = Release|Any CPU
		{94D7313F-586D-42D7-9F74-9AFB5FFDE03E}.Release|Any CPU.Build.0 = Release|Any CPU
		{64FF3A10-0BC7-42A1-BAB9-39450AD8101C}.Debug|Any CPU.ActiveCfg = Debug|Any CPU
		{64FF3A10-0BC7-42A1-BAB9-39450AD8101C}.Debug|Any CPU.Build.0 = Debug|Any CPU
		{64FF3A10-0BC7-42A1-BAB9-39450AD8101C}.Release|Any CPU.ActiveCfg = Release|Any CPU
		{64FF3A10-0BC7-42A1-BAB9-39450AD8101C}.Release|Any CPU.Build.0 = Release|Any CPU
		{130047AB-A996-486F-8A78-F4D7EB01DC73}.Debug|Any CPU.ActiveCfg = Debug|Any CPU
		{130047AB-A996-486F-8A78-F4D7EB01DC73}.Debug|Any CPU.Build.0 = Debug|Any CPU
		{130047AB-A996-486F-8A78-F4D7EB01DC73}.Release|Any CPU.ActiveCfg = Release|Any CPU
		{130047AB-A996-486F-8A78-F4D7EB01DC73}.Release|Any CPU.Build.0 = Release|Any CPU
		{36E0390B-EEE0-4E07-A1AA-F69841AB9475}.Debug|Any CPU.ActiveCfg = Debug|Any CPU
		{36E0390B-EEE0-4E07-A1AA-F69841AB9475}.Debug|Any CPU.Build.0 = Debug|Any CPU
		{36E0390B-EEE0-4E07-A1AA-F69841AB9475}.Release|Any CPU.ActiveCfg = Release|Any CPU
		{36E0390B-EEE0-4E07-A1AA-F69841AB9475}.Release|Any CPU.Build.0 = Release|Any CPU
		{5E4B34DD-C08C-48D2-BA44-A09875CAEE19}.Debug|Any CPU.ActiveCfg = Debug|Any CPU
		{5E4B34DD-C08C-48D2-BA44-A09875CAEE19}.Debug|Any CPU.Build.0 = Debug|Any CPU
		{5E4B34DD-C08C-48D2-BA44-A09875CAEE19}.Release|Any CPU.ActiveCfg = Release|Any CPU
		{5E4B34DD-C08C-48D2-BA44-A09875CAEE19}.Release|Any CPU.Build.0 = Release|Any CPU
	EndGlobalSection
	GlobalSection(SolutionProperties) = preSolution
		HideSolutionNode = FALSE
	EndGlobalSection
	GlobalSection(ExtensibilityGlobals) = postSolution
		SolutionGuid = {3BBBB4BC-A0B0-411C-9254-66D344A309F7}
	EndGlobalSection
EndGlobal
